
Microsoft Visual Studio Solution File, Format Version 12.00
# Visual Studio Version 16
VisualStudioVersion = 16.0.29613.14
MinimumVisualStudioVersion = 10.0.40219.1
Project("{2150E333-8FDC-42A3-9474-1A3956D46DE8}") = "doc", "doc", "{05858F76-907C-4977-95F6-E0F71CBD5702}"
	ProjectSection(SolutionItems) = preProject
		doc\FAVV-AFSCA - Technical Fiche - MediatR.docx = doc\FAVV-AFSCA - Technical Fiche - MediatR.docx
	EndProjectSection
EndProject
Project("{2150E333-8FDC-42A3-9474-1A3956D46DE8}") = "src", "src", "{A3E44A7E-9204-4C8B-B6AC-E3E922844021}"
EndProject
Project("{2150E333-8FDC-42A3-9474-1A3956D46DE8}") = "Custom", "Custom", "{299A1EA3-0685-4748-A3D1-476BAAA7EFB2}"
EndProject
Project("{FAE04EC0-301F-11D3-BF4B-00C04F79EFBC}") = "Mediator.Logic", "src\Custom\Mediator.Logic\Mediator.Logic.csproj", "{217519A0-EF2A-4C6F-9951-B7652362908C}"
EndProject
Global
	GlobalSection(SolutionConfigurationPlatforms) = preSolution
		Debug|Any CPU = Debug|Any CPU
		Release|Any CPU = Release|Any CPU
	EndGlobalSection
	GlobalSection(ProjectConfigurationPlatforms) = postSolution
		{217519A0-EF2A-4C6F-9951-B7652362908C}.Debug|Any CPU.ActiveCfg = Debug|Any CPU
		{217519A0-EF2A-4C6F-9951-B7652362908C}.Debug|Any CPU.Build.0 = Debug|Any CPU
		{217519A0-EF2A-4C6F-9951-B7652362908C}.Release|Any CPU.ActiveCfg = Release|Any CPU
		{217519A0-EF2A-4C6F-9951-B7652362908C}.Release|Any CPU.Build.0 = Release|Any CPU
	EndGlobalSection
	GlobalSection(SolutionProperties) = preSolution
		HideSolutionNode = FALSE
	EndGlobalSection
	GlobalSection(NestedProjects) = preSolution
		{299A1EA3-0685-4748-A3D1-476BAAA7EFB2} = {A3E44A7E-9204-4C8B-B6AC-E3E922844021}
		{217519A0-EF2A-4C6F-9951-B7652362908C} = {299A1EA3-0685-4748-A3D1-476BAAA7EFB2}
	EndGlobalSection
	GlobalSection(ExtensibilityGlobals) = postSolution
		SolutionGuid = {4CBDF22C-00F0-4D34-AE18-281B183E8813}
	EndGlobalSection
EndGlobal
