
Microsoft Visual Studio Solution File, Format Version 12.00
# Visual Studio Version 16
VisualStudioVersion = 16.0.29613.14
MinimumVisualStudioVersion = 10.0.40219.1
Project("{2150E333-8FDC-42A3-9474-1A3956D46DE8}") = "doc", "doc", "{05858F76-907C-4977-95F6-E0F71CBD5702}"
	ProjectSection(SolutionItems) = preProject
		doc\FAVV-AFSCA - Technical Fiche - MediatR.docx = doc\FAVV-AFSCA - Technical Fiche - MediatR.docx
	EndProjectSection
EndProject
Project("{2150E333-8FDC-42A3-9474-1A3956D46DE8}") = "src", "src", "{A3E44A7E-9204-4C8B-B6AC-E3E922844021}"
EndProject
Global
	GlobalSection(SolutionProperties) = preSolution
		HideSolutionNode = FALSE
	EndGlobalSection
	GlobalSection(ExtensibilityGlobals) = postSolution
		SolutionGuid = {4CBDF22C-00F0-4D34-AE18-281B183E8813}
	EndGlobalSection
EndGlobal
